{
  "name": "alfred-tower3",
  "version": "1.0.0",
  "lockfileVersion": 1,
  "requires": true,
  "dependencies": {
    "alfredo": {
      "version": "0.2.0",
      "resolved": "https://registry.npmjs.org/alfredo/-/alfredo-0.2.0.tgz",
      "integrity": "sha1-MvGcjsy0ItXnbWAe/2EHGqtuJN0=",
      "requires": {
        "fuzzy-filter": "^0.0.3",
        "js2xmlparser": "^0.1.4",
        "keychain": "^0.0.4",
        "plist": "^1.0.1"
      }
    },
    "base64-js": {
      "version": "0.0.8",
      "resolved": "https://registry.npmjs.org/base64-js/-/base64-js-0.0.8.tgz",
      "integrity": "sha1-EQHpVE9KdrG8OybUUsqW16NeeXg="
    },
    "fuzzy-filter": {
      "version": "0.0.3",
      "resolved": "https://registry.npmjs.org/fuzzy-filter/-/fuzzy-filter-0.0.3.tgz",
      "integrity": "sha1-Ed+jUf+l9kMYlhtHjcsiJWsPqGk="
    },
    "js2xmlparser": {
      "version": "0.1.9",
      "resolved": "https://registry.npmjs.org/js2xmlparser/-/js2xmlparser-0.1.9.tgz",
      "integrity": "sha1-LFFniOCUYGN/mkA9/te5JfcdI54="
    },
    "keychain": {
      "version": "0.0.4",
      "resolved": "https://registry.npmjs.org/keychain/-/keychain-0.0.4.tgz",
      "integrity": "sha1-05NyZpFg7MNFUEqmhHW80AXxEqU="
    },
    "lodash": {
      "version": "3.10.1",
      "resolved": "http://registry.npmjs.org/lodash/-/lodash-3.10.1.tgz",
      "integrity": "sha1-W/Rejkm6QYnhfUgnid/RW9FAt7Y="
    },
    "plist": {
      "version": "1.2.0",
      "resolved": "https://registry.npmjs.org/plist/-/plist-1.2.0.tgz",
      "integrity": "sha1-CEtQk93JJQbiWfh0uNmxr7jHlZM=",
      "requires": {
        "base64-js": "0.0.8",
        "util-deprecate": "1.0.2",
        "xmlbuilder": "4.0.0",
        "xmldom": "0.1.x"
      }
    },
    "util-deprecate": {
      "version": "1.0.2",
      "resolved": "https://registry.npmjs.org/util-deprecate/-/util-deprecate-1.0.2.tgz",
      "integrity": "sha1-RQ1Nyfpw3nMnYvvS1KKJgUGaDM8="
    },
    "xmlbuilder": {
      "version": "4.0.0",
      "resolved": "http://registry.npmjs.org/xmlbuilder/-/xmlbuilder-4.0.0.tgz",
      "integrity": "sha1-mLj2UcowqmJANvEn0RzGbce5B6M=",
      "requires": {
        "lodash": "^3.5.0"
      }
    },
    "xmldom": {
      "version": "0.1.27",
      "resolved": "https://registry.npmjs.org/xmldom/-/xmldom-0.1.27.tgz",
      "integrity": "sha1-1QH5ezvbQDr4757MIFcxh6rawOk="
    }
  }
}
